
Microsoft Visual Studio Solution File, Format Version 12.00
# Visual Studio Version 16
VisualStudioVersion = 16.0.31911.196
MinimumVisualStudioVersion = 10.0.40219.1
Project("{9A19103F-16F7-4668-BE54-9A1E7A4F7556}") = "IUE7VU_HFT_2022231.Client", "IUE7VU_HFT_2022231.Client\IUE7VU_HFT_2022231.Client.csproj", "{B922C73E-E9B2-47B2-A643-57D7BC13FABE}"
EndProject
Project("{2150E333-8FDC-42A3-9474-1A3956D46DE8}") = "Frontend", "Frontend", "{58C9A357-00D7-48A9-8C68-63A97A64E58D}"
EndProject
Project("{2150E333-8FDC-42A3-9474-1A3956D46DE8}") = "Backend", "Backend", "{E22ACD11-CFE7-4203-A010-9435CD6118E6}"
EndProject
Project("{2150E333-8FDC-42A3-9474-1A3956D46DE8}") = "Shared", "Shared", "{A4156C77-E5EE-4444-850D-92DE1614823A}"
EndProject
Project("{9A19103F-16F7-4668-BE54-9A1E7A4F7556}") = "IUE7VU_HFT_2022231.Test", "IUE7VU_HFT_2022231.Test\IUE7VU_HFT_2022231.Test.csproj", "{87BC872B-8674-4425-B2B7-5D1AE6124B66}"
EndProject
Project("{9A19103F-16F7-4668-BE54-9A1E7A4F7556}") = "IUE7VU_HFT_2022231.Logic", "IUE7VU_HFT_2022231.Logic\IUE7VU_HFT_2022231.Logic.csproj", "{5F3253A0-1A2F-4690-8C17-70CE944FA8D4}"
EndProject
Project("{9A19103F-16F7-4668-BE54-9A1E7A4F7556}") = "IUE7VU_HFT_2022231.Endpoint", "IUE7VU_HFT_2022231.Endpoint\IUE7VU_HFT_2022231.Endpoint.csproj", "{A6781AF9-6AC8-482D-BD10-2E21E924C77A}"
EndProject
Project("{9A19103F-16F7-4668-BE54-9A1E7A4F7556}") = "IUE7VU_HFT_2022231.Models", "IUE7VU_HFT_2022231.Models\IUE7VU_HFT_2022231.Models.csproj", "{430F4302-B137-4A69-ADE2-41E1FDF5DA3D}"
EndProject
Project("{9A19103F-16F7-4668-BE54-9A1E7A4F7556}") = "IUE7VU_HFT_2022231.Repository", "IUE7VU_HFT_2022231.Repository\IUE7VU_HFT_2022231.Repository.csproj", "{4BF43EE1-059F-4EB9-8CFB-12972D5FF973}"
EndProject
Global
	GlobalSection(SolutionConfigurationPlatforms) = preSolution
		Debug|Any CPU = Debug|Any CPU
		Release|Any CPU = Release|Any CPU
	EndGlobalSection
	GlobalSection(ProjectConfigurationPlatforms) = postSolution
		{B922C73E-E9B2-47B2-A643-57D7BC13FABE}.Debug|Any CPU.ActiveCfg = Debug|Any CPU
		{B922C73E-E9B2-47B2-A643-57D7BC13FABE}.Debug|Any CPU.Build.0 = Debug|Any CPU
		{B922C73E-E9B2-47B2-A643-57D7BC13FABE}.Release|Any CPU.ActiveCfg = Release|Any CPU
		{B922C73E-E9B2-47B2-A643-57D7BC13FABE}.Release|Any CPU.Build.0 = Release|Any CPU
		{87BC872B-8674-4425-B2B7-5D1AE6124B66}.Debug|Any CPU.ActiveCfg = Debug|Any CPU
		{87BC872B-8674-4425-B2B7-5D1AE6124B66}.Debug|Any CPU.Build.0 = Debug|Any CPU
		{87BC872B-8674-4425-B2B7-5D1AE6124B66}.Release|Any CPU.ActiveCfg = Release|Any CPU
		{87BC872B-8674-4425-B2B7-5D1AE6124B66}.Release|Any CPU.Build.0 = Release|Any CPU
		{5F3253A0-1A2F-4690-8C17-70CE944FA8D4}.Debug|Any CPU.ActiveCfg = Debug|Any CPU
		{5F3253A0-1A2F-4690-8C17-70CE944FA8D4}.Debug|Any CPU.Build.0 = Debug|Any CPU
		{5F3253A0-1A2F-4690-8C17-70CE944FA8D4}.Release|Any CPU.ActiveCfg = Release|Any CPU
		{5F3253A0-1A2F-4690-8C17-70CE944FA8D4}.Release|Any CPU.Build.0 = Release|Any CPU
		{A6781AF9-6AC8-482D-BD10-2E21E924C77A}.Debug|Any CPU.ActiveCfg = Debug|Any CPU
		{A6781AF9-6AC8-482D-BD10-2E21E924C77A}.Debug|Any CPU.Build.0 = Debug|Any CPU
		{A6781AF9-6AC8-482D-BD10-2E21E924C77A}.Release|Any CPU.ActiveCfg = Release|Any CPU
		{A6781AF9-6AC8-482D-BD10-2E21E924C77A}.Release|Any CPU.Build.0 = Release|Any CPU
		{430F4302-B137-4A69-ADE2-41E1FDF5DA3D}.Debug|Any CPU.ActiveCfg = Debug|Any CPU
		{430F4302-B137-4A69-ADE2-41E1FDF5DA3D}.Debug|Any CPU.Build.0 = Debug|Any CPU
		{430F4302-B137-4A69-ADE2-41E1FDF5DA3D}.Release|Any CPU.ActiveCfg = Release|Any CPU
		{430F4302-B137-4A69-ADE2-41E1FDF5DA3D}.Release|Any CPU.Build.0 = Release|Any CPU
		{4BF43EE1-059F-4EB9-8CFB-12972D5FF973}.Debug|Any CPU.ActiveCfg = Debug|Any CPU
		{4BF43EE1-059F-4EB9-8CFB-12972D5FF973}.Debug|Any CPU.Build.0 = Debug|Any CPU
		{4BF43EE1-059F-4EB9-8CFB-12972D5FF973}.Release|Any CPU.ActiveCfg = Release|Any CPU
		{4BF43EE1-059F-4EB9-8CFB-12972D5FF973}.Release|Any CPU.Build.0 = Release|Any CPU
	EndGlobalSection
	GlobalSection(SolutionProperties) = preSolution
		HideSolutionNode = FALSE
	EndGlobalSection
	GlobalSection(NestedProjects) = preSolution
		{B922C73E-E9B2-47B2-A643-57D7BC13FABE} = {58C9A357-00D7-48A9-8C68-63A97A64E58D}
		{87BC872B-8674-4425-B2B7-5D1AE6124B66} = {E22ACD11-CFE7-4203-A010-9435CD6118E6}
		{5F3253A0-1A2F-4690-8C17-70CE944FA8D4} = {E22ACD11-CFE7-4203-A010-9435CD6118E6}
		{A6781AF9-6AC8-482D-BD10-2E21E924C77A} = {E22ACD11-CFE7-4203-A010-9435CD6118E6}
		{430F4302-B137-4A69-ADE2-41E1FDF5DA3D} = {A4156C77-E5EE-4444-850D-92DE1614823A}
		{4BF43EE1-059F-4EB9-8CFB-12972D5FF973} = {E22ACD11-CFE7-4203-A010-9435CD6118E6}
	EndGlobalSection
	GlobalSection(ExtensibilityGlobals) = postSolution
		SolutionGuid = {EE6B9E5E-D880-40FB-8AE9-1FE68A021CE7}
	EndGlobalSection
EndGlobal
